
Microsoft Visual Studio Solution File, Format Version 12.00
# Visual Studio Version 17
VisualStudioVersion = 17.0.31903.59
MinimumVisualStudioVersion = 10.0.40219.1
Project("{2150E333-8FDC-42A3-9474-1A3956D46DE8}") = "bakcend", "bakcend", "{A7B2162D-5F8E-4AA6-B4B7-2A6F4FDE96F6}"
EndProject
Project("{2150E333-8FDC-42A3-9474-1A3956D46DE8}") = "frontend", "frontend", "{5C2F40C0-3B11-44B7-9E5F-D37C971D9067}"
EndProject
Project("{FAE04EC0-301F-11D3-BF4B-00C04F79EFBC}") = "ApiAJAX", "ApiAJAX\ApiAJAX.csproj", "{6846A8A8-2DFF-47CF-8515-80F35FA49A19}"
EndProject
Project("{FAE04EC0-301F-11D3-BF4B-00C04F79EFBC}") = "PáginaAzul", "PáginaAzul\PáginaAzul.csproj", "{E12E7A1E-116B-44A3-B0C7-125C89BA7FB9}"
EndProject
Project("{FAE04EC0-301F-11D3-BF4B-00C04F79EFBC}") = "PáginaCafe", "PáginaCafe\PáginaCafe.csproj", "{4DDE3E91-7565-4D45-BA67-EA0FBAC4E0F2}"
EndProject
Project("{2150E333-8FDC-42A3-9474-1A3956D46DE8}") = "Models", "Models", "{ACDCDDFA-C811-4B66-9B39-F48B6278D55D}"
EndProject
Project("{FAE04EC0-301F-11D3-BF4B-00C04F79EFBC}") = "ML", "ML\ML.csproj", "{FB3A8C73-4423-4D94-BD69-D109087B2A6F}"
EndProject
Project("{FAE04EC0-301F-11D3-BF4B-00C04F79EFBC}") = "DL", "DL\DL.csproj", "{DFA829CF-12AA-4465-89E7-8C29DD4B4481}"
EndProject
Project("{FAE04EC0-301F-11D3-BF4B-00C04F79EFBC}") = "BL", "BL\BL.csproj", "{021D8A37-B095-40D2-8F5C-D00D04F9BBBE}"
EndProject
Global
	GlobalSection(SolutionConfigurationPlatforms) = preSolution
		Debug|Any CPU = Debug|Any CPU
		Release|Any CPU = Release|Any CPU
	EndGlobalSection
	GlobalSection(ProjectConfigurationPlatforms) = postSolution
		{6846A8A8-2DFF-47CF-8515-80F35FA49A19}.Debug|Any CPU.ActiveCfg = Debug|Any CPU
		{6846A8A8-2DFF-47CF-8515-80F35FA49A19}.Debug|Any CPU.Build.0 = Debug|Any CPU
		{6846A8A8-2DFF-47CF-8515-80F35FA49A19}.Release|Any CPU.ActiveCfg = Release|Any CPU
		{6846A8A8-2DFF-47CF-8515-80F35FA49A19}.Release|Any CPU.Build.0 = Release|Any CPU
		{E12E7A1E-116B-44A3-B0C7-125C89BA7FB9}.Debug|Any CPU.ActiveCfg = Debug|Any CPU
		{E12E7A1E-116B-44A3-B0C7-125C89BA7FB9}.Debug|Any CPU.Build.0 = Debug|Any CPU
		{E12E7A1E-116B-44A3-B0C7-125C89BA7FB9}.Release|Any CPU.ActiveCfg = Release|Any CPU
		{E12E7A1E-116B-44A3-B0C7-125C89BA7FB9}.Release|Any CPU.Build.0 = Release|Any CPU
		{4DDE3E91-7565-4D45-BA67-EA0FBAC4E0F2}.Debug|Any CPU.ActiveCfg = Debug|Any CPU
		{4DDE3E91-7565-4D45-BA67-EA0FBAC4E0F2}.Debug|Any CPU.Build.0 = Debug|Any CPU
		{4DDE3E91-7565-4D45-BA67-EA0FBAC4E0F2}.Release|Any CPU.ActiveCfg = Release|Any CPU
		{4DDE3E91-7565-4D45-BA67-EA0FBAC4E0F2}.Release|Any CPU.Build.0 = Release|Any CPU
		{FB3A8C73-4423-4D94-BD69-D109087B2A6F}.Debug|Any CPU.ActiveCfg = Debug|Any CPU
		{FB3A8C73-4423-4D94-BD69-D109087B2A6F}.Debug|Any CPU.Build.0 = Debug|Any CPU
		{FB3A8C73-4423-4D94-BD69-D109087B2A6F}.Release|Any CPU.ActiveCfg = Release|Any CPU
		{FB3A8C73-4423-4D94-BD69-D109087B2A6F}.Release|Any CPU.Build.0 = Release|Any CPU
		{DFA829CF-12AA-4465-89E7-8C29DD4B4481}.Debug|Any CPU.ActiveCfg = Debug|Any CPU
		{DFA829CF-12AA-4465-89E7-8C29DD4B4481}.Debug|Any CPU.Build.0 = Debug|Any CPU
		{DFA829CF-12AA-4465-89E7-8C29DD4B4481}.Release|Any CPU.ActiveCfg = Release|Any CPU
		{DFA829CF-12AA-4465-89E7-8C29DD4B4481}.Release|Any CPU.Build.0 = Release|Any CPU
		{021D8A37-B095-40D2-8F5C-D00D04F9BBBE}.Debug|Any CPU.ActiveCfg = Debug|Any CPU
		{021D8A37-B095-40D2-8F5C-D00D04F9BBBE}.Debug|Any CPU.Build.0 = Debug|Any CPU
		{021D8A37-B095-40D2-8F5C-D00D04F9BBBE}.Release|Any CPU.ActiveCfg = Release|Any CPU
		{021D8A37-B095-40D2-8F5C-D00D04F9BBBE}.Release|Any CPU.Build.0 = Release|Any CPU
	EndGlobalSection
	GlobalSection(SolutionProperties) = preSolution
		HideSolutionNode = FALSE
	EndGlobalSection
	GlobalSection(NestedProjects) = preSolution
		{6846A8A8-2DFF-47CF-8515-80F35FA49A19} = {A7B2162D-5F8E-4AA6-B4B7-2A6F4FDE96F6}
		{E12E7A1E-116B-44A3-B0C7-125C89BA7FB9} = {5C2F40C0-3B11-44B7-9E5F-D37C971D9067}
		{4DDE3E91-7565-4D45-BA67-EA0FBAC4E0F2} = {5C2F40C0-3B11-44B7-9E5F-D37C971D9067}
		{FB3A8C73-4423-4D94-BD69-D109087B2A6F} = {ACDCDDFA-C811-4B66-9B39-F48B6278D55D}
		{DFA829CF-12AA-4465-89E7-8C29DD4B4481} = {ACDCDDFA-C811-4B66-9B39-F48B6278D55D}
		{021D8A37-B095-40D2-8F5C-D00D04F9BBBE} = {ACDCDDFA-C811-4B66-9B39-F48B6278D55D}
	EndGlobalSection
	GlobalSection(ExtensibilityGlobals) = postSolution
		SolutionGuid = {6D3C0928-8535-49FB-B2A7-88579B47FB4E}
	EndGlobalSection
EndGlobal
